
Microsoft Visual Studio Solution File, Format Version 12.00
# Visual Studio 15
VisualStudioVersion = 15.0.27130.2027
MinimumVisualStudioVersion = 10.0.40219.1
Project("{FAE04EC0-301F-11D3-BF4B-00C04F79EFBC}") = "ChessRules(ClassLibrary)", "ChessRules(ClassLibrary)\ChessRules(ClassLibrary).csproj", "{BACFD6AB-E659-4796-A830-97A0A6651675}"
EndProject
Project("{FAE04EC0-301F-11D3-BF4B-00C04F79EFBC}") = "ChessDemo", "ChessDemo\ChessDemo.csproj", "{CE17C8EC-9D99-4718-8E18-8EC4BDCC8E30}"
EndProject
Global
	GlobalSection(SolutionConfigurationPlatforms) = preSolution
		Debug|Any CPU = Debug|Any CPU
		Release|Any CPU = Release|Any CPU
	EndGlobalSection
	GlobalSection(ProjectConfigurationPlatforms) = postSolution
		{BACFD6AB-E659-4796-A830-97A0A6651675}.Debug|Any CPU.ActiveCfg = Debug|Any CPU
		{BACFD6AB-E659-4796-A830-97A0A6651675}.Debug|Any CPU.Build.0 = Debug|Any CPU
		{BACFD6AB-E659-4796-A830-97A0A6651675}.Release|Any CPU.ActiveCfg = Release|Any CPU
		{BACFD6AB-E659-4796-A830-97A0A6651675}.Release|Any CPU.Build.0 = Release|Any CPU
		{CE17C8EC-9D99-4718-8E18-8EC4BDCC8E30}.Debug|Any CPU.ActiveCfg = Debug|Any CPU
		{CE17C8EC-9D99-4718-8E18-8EC4BDCC8E30}.Debug|Any CPU.Build.0 = Debug|Any CPU
		{CE17C8EC-9D99-4718-8E18-8EC4BDCC8E30}.Release|Any CPU.ActiveCfg = Release|Any CPU
		{CE17C8EC-9D99-4718-8E18-8EC4BDCC8E30}.Release|Any CPU.Build.0 = Release|Any CPU
	EndGlobalSection
	GlobalSection(SolutionProperties) = preSolution
		HideSolutionNode = FALSE
	EndGlobalSection
	GlobalSection(ExtensibilityGlobals) = postSolution
		SolutionGuid = {666B1A61-A634-4638-BA24-2467CD3CC971}
	EndGlobalSection
EndGlobal
